
Microsoft Visual Studio Solution File, Format Version 12.00
# Visual Studio Version 17
VisualStudioVersion = 17.0.31903.59
MinimumVisualStudioVersion = 10.0.40219.1
Project("{9A19103F-16F7-4668-BE54-9A1E7A4F7556}") = "PISilnik", "PISilnik.csproj", "{6454948D-17C3-4228-88EA-571D576D1E76}"
EndProject
Project("{9A19103F-16F7-4668-BE54-9A1E7A4F7556}") = "PIDemo", "PIDemo\PIDemo.csproj", "{0EE1478B-530F-495D-8714-6F0B366D337E}"
EndProject
Global
	GlobalSection(SolutionConfigurationPlatforms) = preSolution
		Debug|Any CPU = Debug|Any CPU
		Release|Any CPU = Release|Any CPU
	EndGlobalSection
	GlobalSection(ProjectConfigurationPlatforms) = postSolution
		{6454948D-17C3-4228-88EA-571D576D1E76}.Debug|Any CPU.ActiveCfg = Debug|Any CPU
		{6454948D-17C3-4228-88EA-571D576D1E76}.Debug|Any CPU.Build.0 = Debug|Any CPU
		{6454948D-17C3-4228-88EA-571D576D1E76}.Release|Any CPU.ActiveCfg = Release|Any CPU
		{6454948D-17C3-4228-88EA-571D576D1E76}.Release|Any CPU.Build.0 = Release|Any CPU
		{0EE1478B-530F-495D-8714-6F0B366D337E}.Debug|Any CPU.ActiveCfg = Debug|Any CPU
		{0EE1478B-530F-495D-8714-6F0B366D337E}.Debug|Any CPU.Build.0 = Debug|Any CPU
		{0EE1478B-530F-495D-8714-6F0B366D337E}.Release|Any CPU.ActiveCfg = Release|Any CPU
		{0EE1478B-530F-495D-8714-6F0B366D337E}.Release|Any CPU.Build.0 = Release|Any CPU
	EndGlobalSection
	GlobalSection(SolutionProperties) = preSolution
		HideSolutionNode = FALSE
	EndGlobalSection
	GlobalSection(ExtensibilityGlobals) = postSolution
		SolutionGuid = {06CB9881-DFE4-4BAF-B4ED-DC7D87F83E94}
	EndGlobalSection
EndGlobal
